
Microsoft Visual Studio Solution File, Format Version 12.00
# Visual Studio Version 17
VisualStudioVersion = 17.2.32526.322
MinimumVisualStudioVersion = 10.0.40219.1
Project("{FAE04EC0-301F-11D3-BF4B-00C04F79EFBC}") = "ItemsForm", "ItemsForm\ItemsForm.csproj", "{F2E6DFE0-3D05-44D1-90F0-3E6BD471BB1C}"
EndProject
Global
	GlobalSection(SolutionConfigurationPlatforms) = preSolution
		Debug|Any CPU = Debug|Any CPU
		Release|Any CPU = Release|Any CPU
	EndGlobalSection
	GlobalSection(ProjectConfigurationPlatforms) = postSolution
		{F2E6DFE0-3D05-44D1-90F0-3E6BD471BB1C}.Debug|Any CPU.ActiveCfg = Debug|Any CPU
		{F2E6DFE0-3D05-44D1-90F0-3E6BD471BB1C}.Debug|Any CPU.Build.0 = Debug|Any CPU
		{F2E6DFE0-3D05-44D1-90F0-3E6BD471BB1C}.Release|Any CPU.ActiveCfg = Release|Any CPU
		{F2E6DFE0-3D05-44D1-90F0-3E6BD471BB1C}.Release|Any CPU.Build.0 = Release|Any CPU
	EndGlobalSection
	GlobalSection(SolutionProperties) = preSolution
		HideSolutionNode = FALSE
	EndGlobalSection
	GlobalSection(ExtensibilityGlobals) = postSolution
		SolutionGuid = {CD2B5A83-3515-4A5C-8BA6-52403A2C18B0}
	EndGlobalSection
EndGlobal
